// !$*UTF8*$!
{
	archiveVersion = 1;
	classes = {
	};
	objectVersion = 56;
	objects = {

/* Begin PBXBuildFile section */
		4BF529BA2BEDC0B000E072DC /* flippy1App.swift in Sources */ = {isa = PBXBuildFile; fileRef = 4BF529B92BEDC0B000E072DC /* flippy1App.swift */; };
		4BF529BC2BEDC0B000E072DC /* ContentView.swift in Sources */ = {isa = PBXBuildFile; fileRef = 4BF529BB2BEDC0B000E072DC /* ContentView.swift */; };
		4BF529BE2BEDC0B200E072DC /* Assets.xcassets in Resources */ = {isa = PBXBuildFile; fileRef = 4BF529BD2BEDC0B200E072DC /* Assets.xcassets */; };
		4BF529C12BEDC0B200E072DC /* Preview Assets.xcassets in Resources */ = {isa = PBXBuildFile; fileRef = 4BF529C02BEDC0B200E072DC /* Preview Assets.xcassets */; };
		4BF529CB2BEDC0B200E072DC /* flippy1Tests.swift in Sources */ = {isa = PBXBuildFile; fileRef = 4BF529CA2BEDC0B200E072DC /* flippy1Tests.swift */; };
		4BF529D52BEDC0B200E072DC /* flippy1UITests.swift in Sources */ = {isa = PBXBuildFile; fileRef = 4BF529D42BEDC0B200E072DC /* flippy1UITests.swift */; };
		4BF529D72BEDC0B200E072DC /* flippy1UITestsLaunchTests.swift in Sources */ = {isa = PBXBuildFile; fileRef = 4BF529D62BEDC0B200E072DC /* flippy1UITestsLaunchTests.swift */; };
/* End PBXBuildFile section */

/* Begin PBXContainerItemProxy section */
		4BF529C72BEDC0B200E072DC /* PBXContainerItemProxy */ = {
			isa = PBXContainerItemProxy;
			containerPortal = 4BF529AE2BEDC0B000E072DC /* Project object */;
			proxyType = 1;
			remoteGlobalIDString = 4BF529B52BEDC0B000E072DC;
			remoteInfo = flippy1;
		};
		4BF529D12BEDC0B200E072DC /* PBXContainerItemProxy */ = {
			isa = PBXContainerItemProxy;
			containerPortal = 4BF529AE2BEDC0B000E072DC /* Project object */;
			proxyType = 1;
			remoteGlobalIDString = 4BF529B52BEDC0B000E072DC;
			remoteInfo = flippy1;
		};
/* End PBXContainerItemProxy section */

/* Begin PBXFileReference section */
		4BF529B62BEDC0B000E072DC /* flippy1.app */ = {isa = PBXFileReference; explicitFileType = wrapper.application; includeInIndex = 0; path = flippy1.app; sourceTree = BUILT_PRODUCTS_DIR; };
		4BF529B92BEDC0B000E072DC /* flippy1App.swift */ = {isa = PBXFileReference; lastKnownFileType = sourcecode.swift; path = flippy1App.swift; sourceTree = "<group>"; };
		4BF529BB2BEDC0B000E072DC /* ContentView.swift */ = {isa = PBXFileReference; lastKnownFileType = sourcecode.swift; path = ContentView.swift; sourceTree = "<group>"; };
		4BF529BD2BEDC0B200E072DC /* Assets.xcassets */ = {isa = PBXFileReference; lastKnownFileType = folder.assetcatalog; path = Assets.xcassets; sourceTree = "<group>"; };
		4BF529C02BEDC0B200E072DC /* Preview Assets.xcassets */ = {isa = PBXFileReference; lastKnownFileType = folder.assetcatalog; path = "Preview Assets.xcassets"; sourceTree = "<group>"; };
		4BF529C62BEDC0B200E072DC /* flippy1Tests.xctest */ = {isa = PBXFileReference; explicitFileType = wrapper.cfbundle; includeInIndex = 0; path = flippy1Tests.xctest; sourceTree = BUILT_PRODUCTS_DIR; };
		4BF529CA2BEDC0B200E072DC /* flippy1Tests.swift */ = {isa = PBXFileReference; lastKnownFileType = sourcecode.swift; path = flippy1Tests.swift; sourceTree = "<group>"; };
		4BF529D02BEDC0B200E072DC /* flippy1UITests.xctest */ = {isa = PBXFileReference; explicitFileType = wrapper.cfbundle; includeInIndex = 0; path = flippy1UITests.xctest; sourceTree = BUILT_PRODUCTS_DIR; };
		4BF529D42BEDC0B200E072DC /* flippy1UITests.swift */ = {isa = PBXFileReference; lastKnownFileType = sourcecode.swift; path = flippy1UITests.swift; sourceTree = "<group>"; };
		4BF529D62BEDC0B200E072DC /* flippy1UITestsLaunchTests.swift */ = {isa = PBXFileReference; lastKnownFileType = sourcecode.swift; path = flippy1UITestsLaunchTests.swift; sourceTree = "<group>"; };
/* End PBXFileReference section */

/* Begin PBXFrameworksBuildPhase section */
		4BF529B32BEDC0B000E072DC /* Frameworks */ = {
			isa = PBXFrameworksBuildPhase;
			buildActionMask = 2147483647;
			files = (
			);
			runOnlyForDeploymentPostprocessing = 0;
		};
		4BF529C32BEDC0B200E072DC /* Frameworks */ = {
			isa = PBXFrameworksBuildPhase;
			buildActionMask = 2147483647;
			files = (
			);
			runOnlyForDeploymentPostprocessing = 0;
		};
		4BF529CD2BEDC0B200E072DC /* Frameworks */ = {
			isa = PBXFrameworksBuildPhase;
			buildActionMask = 2147483647;
			files = (
			);
			runOnlyForDeploymentPostprocessing = 0;
		};
/* End PBXFrameworksBuildPhase section */

/* Begin PBXGroup section */
		4BF529AD2BEDC0B000E072DC = {
			isa = PBXGroup;
			children = (
				4BF529B82BEDC0B000E072DC /* flippy1 */,
				4BF529C92BEDC0B200E072DC /* flippy1Tests */,
				4BF529D32BEDC0B200E072DC /* flippy1UITests */,
				4BF529B72BEDC0B000E072DC /* Products */,
			);
			sourceTree = "<group>";
		};
		4BF529B72BEDC0B000E072DC /* Products */ = {
			isa = PBXGroup;
			children = (
				4BF529B62BEDC0B000E072DC /* flippy1.app */,
				4BF529C62BEDC0B200E072DC /* flippy1Tests.xctest */,
				4BF529D02BEDC0B200E072DC /* flippy1UITests.xctest */,
			);
			name = Products;
			sourceTree = "<group>";
		};
		4BF529B82BEDC0B000E072DC /* flippy1 */ = {
			isa = PBXGroup;
			children = (
				4BF529B92BEDC0B000E072DC /* flippy1App.swift */,
				4BF529BB2BEDC0B000E072DC /* ContentView.swift */,
				4BF529BD2BEDC0B200E072DC /* Assets.xcassets */,
				4BF529BF2BEDC0B200E072DC /* Preview Content */,
			);
			path = flippy1;
			sourceTree = "<group>";
		};
		4BF529BF2BEDC0B200E072DC /* Preview Content */ = {
			isa = PBXGroup;
			children = (
				4BF529C02BEDC0B200E072DC /* Preview Assets.xcassets */,
			);
			path = "Preview Content";
			sourceTree = "<group>";
		};
		4BF529C92BEDC0B200E072DC /* flippy1Tests */ = {
			isa = PBXGroup;
			children = (
				4BF529CA2BEDC0B200E072DC /* flippy1Tests.swift */,
			);
			path = flippy1Tests;
			sourceTree = "<group>";
		};
		4BF529D32BEDC0B200E072DC /* flippy1UITests */ = {
			isa = PBXGroup;
			children = (
				4BF529D42BEDC0B200E072DC /* flippy1UITests.swift */,
				4BF529D62BEDC0B200E072DC /* flippy1UITestsLaunchTests.swift */,
			);
			path = flippy1UITests;
			sourceTree = "<group>";
		};
/* End PBXGroup section */

/* Begin PBXNativeTarget section */
		4BF529B52BEDC0B000E072DC /* flippy1 */ = {
			isa = PBXNativeTarget;
			buildConfigurationList = 4BF529DA2BEDC0B200E072DC /* Build configuration list for PBXNativeTarget "flippy1" */;
			buildPhases = (
				4BF529B22BEDC0B000E072DC /* Sources */,
				4BF529B32BEDC0B000E072DC /* Frameworks */,
				4BF529B42BEDC0B000E072DC /* Resources */,
			);
			buildRules = (
			);
			dependencies = (
			);
			name = flippy1;
			productName = flippy1;
			productReference = 4BF529B62BEDC0B000E072DC /* flippy1.app */;
			productType = "com.apple.product-type.application";
		};
		4BF529C52BEDC0B200E072DC /* flippy1Tests */ = {
			isa = PBXNativeTarget;
			buildConfigurationList = 4BF529DD2BEDC0B200E072DC /* Build configuration list for PBXNativeTarget "flippy1Tests" */;
			buildPhases = (
				4BF529C22BEDC0B200E072DC /* Sources */,
				4BF529C32BEDC0B200E072DC /* Frameworks */,
				4BF529C42BEDC0B200E072DC /* Resources */,
			);
			buildRules = (
			);
			dependencies = (
				4BF529C82BEDC0B200E072DC /* PBXTargetDependency */,
			);
			name = flippy1Tests;
			productName = flippy1Tests;
			productReference = 4BF529C62BEDC0B200E072DC /* flippy1Tests.xctest */;
			productType = "com.apple.product-type.bundle.unit-test";
		};
		4BF529CF2BEDC0B200E072DC /* flippy1UITests */ = {
			isa = PBXNativeTarget;
			buildConfigurationList = 4BF529E02BEDC0B200E072DC /* Build configuration list for PBXNativeTarget "flippy1UITests" */;
			buildPhases = (
				4BF529CC2BEDC0B200E072DC /* Sources */,
				4BF529CD2BEDC0B200E072DC /* Frameworks */,
				4BF529CE2BEDC0B200E072DC /* Resources */,
			);
			buildRules = (
			);
			dependencies = (
				4BF529D22BEDC0B200E072DC /* PBXTargetDependency */,
			);
			name = flippy1UITests;
			productName = flippy1UITests;
			productReference = 4BF529D02BEDC0B200E072DC /* flippy1UITests.xctest */;
			productType = "com.apple.product-type.bundle.ui-testing";
		};
/* End PBXNativeTarget section */

/* Begin PBXProject section */
		4BF529AE2BEDC0B000E072DC /* Project object */ = {
			isa = PBXProject;
			attributes = {
				BuildIndependentTargetsInParallel = 1;
				LastSwiftUpdateCheck = 1520;
				LastUpgradeCheck = 1520;
				TargetAttributes = {
					4BF529B52BEDC0B000E072DC = {
						CreatedOnToolsVersion = 15.2;
					};
					4BF529C52BEDC0B200E072DC = {
						CreatedOnToolsVersion = 15.2;
						TestTargetID = 4BF529B52BEDC0B000E072DC;
					};
					4BF529CF2BEDC0B200E072DC = {
						CreatedOnToolsVersion = 15.2;
						TestTargetID = 4BF529B52BEDC0B000E072DC;
					};
				};
			};
			buildConfigurationList = 4BF529B12BEDC0B000E072DC /* Build configuration list for PBXProject "flippy1" */;
			compatibilityVersion = "Xcode 14.0";
			developmentRegion = en;
			hasScannedForEncodings = 0;
			knownRegions = (
				en,
				Base,
			);
			mainGroup = 4BF529AD2BEDC0B000E072DC;
			productRefGroup = 4BF529B72BEDC0B000E072DC /* Products */;
			projectDirPath = "";
			projectRoot = "";
			targets = (
				4BF529B52BEDC0B000E072DC /* flippy1 */,
				4BF529C52BEDC0B200E072DC /* flippy1Tests */,
				4BF529CF2BEDC0B200E072DC /* flippy1UITests */,
			);
		};
/* End PBXProject section */

/* Begin PBXResourcesBuildPhase section */
		4BF529B42BEDC0B000E072DC /* Resources */ = {
			isa = PBXResourcesBuildPhase;
			buildActionMask = 2147483647;
			files = (
				4BF529C12BEDC0B200E072DC /* Preview Assets.xcassets in Resources */,
				4BF529BE2BEDC0B200E072DC /* Assets.xcassets in Resources */,
			);
			runOnlyForDeploymentPostprocessing = 0;
		};
		4BF529C42BEDC0B200E072DC /* Resources */ = {
			isa = PBXResourcesBuildPhase;
			buildActionMask = 2147483647;
			files = (
			);
			runOnlyForDeploymentPostprocessing = 0;
		};
		4BF529CE2BEDC0B200E072DC /* Resources */ = {
			isa = PBXResourcesBuildPhase;
			buildActionMask = 2147483647;
			files = (
			);
			runOnlyForDeploymentPostprocessing = 0;
		};
/* End PBXResourcesBuildPhase section */

/* Begin PBXSourcesBuildPhase section */
		4BF529B22BEDC0B000E072DC /* Sources */ = {
			isa = PBXSourcesBuildPhase;
			buildActionMask = 2147483647;
			files = (
				4BF529BC2BEDC0B000E072DC /* ContentView.swift in Sources */,
				4BF529BA2BEDC0B000E072DC /* flippy1App.swift in Sources */,
			);
			runOnlyForDeploymentPostprocessing = 0;
		};
		4BF529C22BEDC0B200E072DC /* Sources */ = {
			isa = PBXSourcesBuildPhase;
			buildActionMask = 2147483647;
			files = (
				4BF529CB2BEDC0B200E072DC /* flippy1Tests.swift in Sources */,
			);
			runOnlyForDeploymentPostprocessing = 0;
		};
		4BF529CC2BEDC0B200E072DC /* Sources */ = {
			isa = PBXSourcesBuildPhase;
			buildActionMask = 2147483647;
			files = (
				4BF529D72BEDC0B200E072DC /* flippy1UITestsLaunchTests.swift in Sources */,
				4BF529D52BEDC0B200E072DC /* flippy1UITests.swift in Sources */,
			);
			runOnlyForDeploymentPostprocessing = 0;
		};
/* End PBXSourcesBuildPhase section */

/* Begin PBXTargetDependency section */
		4BF529C82BEDC0B200E072DC /* PBXTargetDependency */ = {
			isa = PBXTargetDependency;
			target = 4BF529B52BEDC0B000E072DC /* flippy1 */;
			targetProxy = 4BF529C72BEDC0B200E072DC /* PBXContainerItemProxy */;
		};
		4BF529D22BEDC0B200E072DC /* PBXTargetDependency */ = {
			isa = PBXTargetDependency;
			target = 4BF529B52BEDC0B000E072DC /* flippy1 */;
			targetProxy = 4BF529D12BEDC0B200E072DC /* PBXContainerItemProxy */;
		};
/* End PBXTargetDependency section */

/* Begin XCBuildConfiguration section */
		4BF529D82BEDC0B200E072DC /* Debug */ = {
			isa = XCBuildConfiguration;
			buildSettings = {
				ALWAYS_SEARCH_USER_PATHS = NO;
				ASSETCATALOG_COMPILER_GENERATE_SWIFT_ASSET_SYMBOL_EXTENSIONS = YES;
				CLANG_ANALYZER_NONNULL = YES;
				CLANG_ANALYZER_NUMBER_OBJECT_CONVERSION = YES_AGGRESSIVE;
				CLANG_CXX_LANGUAGE_STANDARD = "gnu++20";
				CLANG_ENABLE_MODULES = YES;
				CLANG_ENABLE_OBJC_ARC = YES;
				CLANG_ENABLE_OBJC_WEAK = YES;
				CLANG_WARN_BLOCK_CAPTURE_AUTORELEASING = YES;
				CLANG_WARN_BOOL_CONVERSION = YES;
				CLANG_WARN_COMMA = YES;
				CLANG_WARN_CONSTANT_CONVERSION = YES;
				CLANG_WARN_DEPRECATED_OBJC_IMPLEMENTATIONS = YES;
				CLANG_WARN_DIRECT_OBJC_ISA_USAGE = YES_ERROR;
				CLANG_WARN_DOCUMENTATION_COMMENTS = YES;
				CLANG_WARN_EMPTY_BODY = YES;
				CLANG_WARN_ENUM_CONVERSION = YES;
				CLANG_WARN_INFINITE_RECURSION = YES;
				CLANG_WARN_INT_CONVERSION = YES;
				CLANG_WARN_NON_LITERAL_NULL_CONVERSION = YES;
				CLANG_WARN_OBJC_IMPLICIT_RETAIN_SELF = YES;
				CLANG_WARN_OBJC_LITERAL_CONVERSION = YES;
				CLANG_WARN_OBJC_ROOT_CLASS = YES_ERROR;
				CLANG_WARN_QUOTED_INCLUDE_IN_FRAMEWORK_HEADER = YES;
				CLANG_WARN_RANGE_LOOP_ANALYSIS = YES;
				CLANG_WARN_STRICT_PROTOTYPES = YES;
				CLANG_WARN_SUSPICIOUS_MOVE = YES;
				CLANG_WARN_UNGUARDED_AVAILABILITY = YES_AGGRESSIVE;
				CLANG_WARN_UNREACHABLE_CODE = YES;
				CLANG_WARN__DUPLICATE_METHOD_MATCH = YES;
				COPY_PHASE_STRIP = NO;
				DEBUG_INFORMATION_FORMAT = dwarf;
				ENABLE_STRICT_OBJC_MSGSEND = YES;
				ENABLE_TESTABILITY = YES;
				ENABLE_USER_SCRIPT_SANDBOXING = YES;
				GCC_C_LANGUAGE_STANDARD = gnu17;
				GCC_DYNAMIC_NO_PIC = NO;
				GCC_NO_COMMON_BLOCKS = YES;
				GCC_OPTIMIZATION_LEVEL = 0;
				GCC_PREPROCESSOR_DEFINITIONS = (
					"DEBUG=1",
					"$(inherited)",
				);
				GCC_WARN_64_TO_32_BIT_CONVERSION = YES;
				GCC_WARN_ABOUT_RETURN_TYPE = YES_ERROR;
				GCC_WARN_UNDECLARED_SELECTOR = YES;
				GCC_WARN_UNINITIALIZED_AUTOS = YES_AGGRESSIVE;
				GCC_WARN_UNUSED_FUNCTION = YES;
				GCC_WARN_UNUSED_VARIABLE = YES;
				IPHONEOS_DEPLOYMENT_TARGET = 17.2;
				LOCALIZATION_PREFERS_STRING_CATALOGS = YES;
				MTL_ENABLE_DEBUG_INFO = INCLUDE_SOURCE;
				MTL_FAST_MATH = YES;
				ONLY_ACTIVE_ARCH = YES;
				SDKROOT = iphoneos;
				SWIFT_ACTIVE_COMPILATION_CONDITIONS = "DEBUG $(inherited)";
				SWIFT_OPTIMIZATION_LEVEL = "-Onone";
			};
			name = Debug;
		};
		4BF529D92BEDC0B200E072DC /* Release */ = {
			isa = XCBuildConfiguration;
			buildSettings = {
				ALWAYS_SEARCH_USER_PATHS = NO;
				ASSETCATALOG_COMPILER_GENERATE_SWIFT_ASSET_SYMBOL_EXTENSIONS = YES;
				CLANG_ANALYZER_NONNULL = YES;
				CLANG_ANALYZER_NUMBER_OBJECT_CONVERSION = YES_AGGRESSIVE;
				CLANG_CXX_LANGUAGE_STANDARD = "gnu++20";
				CLANG_ENABLE_MODULES = YES;
				CLANG_ENABLE_OBJC_ARC = YES;
				CLANG_ENABLE_OBJC_WEAK = YES;
				CLANG_WARN_BLOCK_CAPTURE_AUTORELEASING = YES;
				CLANG_WARN_BOOL_CONVERSION = YES;
				CLANG_WARN_COMMA = YES;
				CLANG_WARN_CONSTANT_CONVERSION = YES;
				CLANG_WARN_DEPRECATED_OBJC_IMPLEMENTATIONS = YES;
				CLANG_WARN_DIRECT_OBJC_ISA_USAGE = YES_ERROR;
				CLANG_WARN_DOCUMENTATION_COMMENTS = YES;
				CLANG_WARN_EMPTY_BODY = YES;
				CLANG_WARN_ENUM_CONVERSION = YES;
				CLANG_WARN_INFINITE_RECURSION = YES;
				CLANG_WARN_INT_CONVERSION = YES;
				CLANG_WARN_NON_LITERAL_NULL_CONVERSION = YES;
				CLANG_WARN_OBJC_IMPLICIT_RETAIN_SELF = YES;
				CLANG_WARN_OBJC_LITERAL_CONVERSION = YES;
				CLANG_WARN_OBJC_ROOT_CLASS = YES_ERROR;
				CLANG_WARN_QUOTED_INCLUDE_IN_FRAMEWORK_HEADER = YES;
				CLANG_WARN_RANGE_LOOP_ANALYSIS = YES;
				CLANG_WARN_STRICT_PROTOTYPES = YES;
				CLANG_WARN_SUSPICIOUS_MOVE = YES;
				CLANG_WARN_UNGUARDED_AVAILABILITY = YES_AGGRESSIVE;
				CLANG_WARN_UNREACHABLE_CODE = YES;
				CLANG_WARN__DUPLICATE_METHOD_MATCH = YES;
				COPY_PHASE_STRIP = NO;
				DEBUG_INFORMATION_FORMAT = "dwarf-with-dsym";
				ENABLE_NS_ASSERTIONS = NO;
				ENABLE_STRICT_OBJC_MSGSEND = YES;
				ENABLE_USER_SCRIPT_SANDBOXING = YES;
				GCC_C_LANGUAGE_STANDARD = gnu17;
				GCC_NO_COMMON_BLOCKS = YES;
				GCC_WARN_64_TO_32_BIT_CONVERSION = YES;
				GCC_WARN_ABOUT_RETURN_TYPE = YES_ERROR;
				GCC_WARN_UNDECLARED_SELECTOR = YES;
				GCC_WARN_UNINITIALIZED_AUTOS = YES_AGGRESSIVE;
				GCC_WARN_UNUSED_FUNCTION = YES;
				GCC_WARN_UNUSED_VARIABLE = YES;
				IPHONEOS_DEPLOYMENT_TARGET = 17.2;
				LOCALIZATION_PREFERS_STRING_CATALOGS = YES;
				MTL_ENABLE_DEBUG_INFO = NO;
				MTL_FAST_MATH = YES;
				SDKROOT = iphoneos;
				SWIFT_COMPILATION_MODE = wholemodule;
				VALIDATE_PRODUCT = YES;
			};
			name = Release;
		};
		4BF529DB2BEDC0B200E072DC /* Debug */ = {
			isa = XCBuildConfiguration;
			buildSettings = {
				ASSETCATALOG_COMPILER_APPICON_NAME = AppIcon;
				ASSETCATALOG_COMPILER_GLOBAL_ACCENT_COLOR_NAME = AccentColor;
				CODE_SIGN_STYLE = Automatic;
				CURRENT_PROJECT_VERSION = 1;
				DEVELOPMENT_ASSET_PATHS = "\"flippy1/Preview Content\"";
				ENABLE_PREVIEWS = YES;
				GENERATE_INFOPLIST_FILE = YES;
				INFOPLIST_KEY_UIApplicationSceneManifest_Generation = YES;
				INFOPLIST_KEY_UIApplicationSupportsIndirectInputEvents = YES;
				INFOPLIST_KEY_UILaunchScreen_Generation = YES;
				INFOPLIST_KEY_UISupportedInterfaceOrientations_iPad = "UIInterfaceOrientationPortrait UIInterfaceOrientationPortraitUpsideDown UIInterfaceOrientationLandscapeLeft UIInterfaceOrientationLandscapeRight";
				INFOPLIST_KEY_UISupportedInterfaceOrientations_iPhone = "UIInterfaceOrientationPortrait UIInterfaceOrientationLandscapeLeft UIInterfaceOrientationLandscapeRight";
				LD_RUNPATH_SEARCH_PATHS = (
					"$(inherited)",
					"@executable_path/Frameworks",
				);
				MARKETING_VERSION = 1.0;
				PRODUCT_BUNDLE_IDENTIFIER = com.cintman.flippy1;
				PRODUCT_NAME = "$(TARGET_NAME)";
				SWIFT_EMIT_LOC_STRINGS = YES;
				SWIFT_VERSION = 5.0;
				TARGETED_DEVICE_FAMILY = "1,2";
			};
			name = Debug;
		};
		4BF529DC2BEDC0B200E072DC /* Release */ = {
			isa = XCBuildConfiguration;
			buildSettings = {
				ASSETCATALOG_COMPILER_APPICON_NAME = AppIcon;
				ASSETCATALOG_COMPILER_GLOBAL_ACCENT_COLOR_NAME = AccentColor;
				CODE_SIGN_STYLE = Automatic;
				CURRENT_PROJECT_VERSION = 1;
				DEVELOPMENT_ASSET_PATHS = "\"flippy1/Preview Content\"";
				ENABLE_PREVIEWS = YES;
				GENERATE_INFOPLIST_FILE = YES;
				INFOPLIST_KEY_UIApplicationSceneManifest_Generation = YES;
				INFOPLIST_KEY_UIApplicationSupportsIndirectInputEvents = YES;
				INFOPLIST_KEY_UILaunchScreen_Generation = YES;
				INFOPLIST_KEY_UISupportedInterfaceOrientations_iPad = "UIInterfaceOrientationPortrait UIInterfaceOrientationPortraitUpsideDown UIInterfaceOrientationLandscapeLeft UIInterfaceOrientationLandscapeRight";
				INFOPLIST_KEY_UISupportedInterfaceOrientations_iPhone = "UIInterfaceOrientationPortrait UIInterfaceOrientationLandscapeLeft UIInterfaceOrientationLandscapeRight";
				LD_RUNPATH_SEARCH_PATHS = (
					"$(inherited)",
					"@executable_path/Frameworks",
				);
				MARKETING_VERSION = 1.0;
				PRODUCT_BUNDLE_IDENTIFIER = com.cintman.flippy1;
				PRODUCT_NAME = "$(TARGET_NAME)";
				SWIFT_EMIT_LOC_STRINGS = YES;
				SWIFT_VERSION = 5.0;
				TARGETED_DEVICE_FAMILY = "1,2";
			};
			name = Release;
		};
		4BF529DE2BEDC0B200E072DC /* Debug */ = {
			isa = XCBuildConfiguration;
			buildSettings = {
				ALWAYS_EMBED_SWIFT_STANDARD_LIBRARIES = YES;
				BUNDLE_LOADER = "$(TEST_HOST)";
				CODE_SIGN_STYLE = Automatic;
				CURRENT_PROJECT_VERSION = 1;
				GENERATE_INFOPLIST_FILE = YES;
				IPHONEOS_DEPLOYMENT_TARGET = 17.2;
				MARKETING_VERSION = 1.0;
				PRODUCT_BUNDLE_IDENTIFIER = com.cintman.flippy1Tests;
				PRODUCT_NAME = "$(TARGET_NAME)";
				SWIFT_EMIT_LOC_STRINGS = NO;
				SWIFT_VERSION = 5.0;
				TARGETED_DEVICE_FAMILY = "1,2";
				TEST_HOST = "$(BUILT_PRODUCTS_DIR)/flippy1.app/$(BUNDLE_EXECUTABLE_FOLDER_PATH)/flippy1";
			};
			name = Debug;
		};
		4BF529DF2BEDC0B200E072DC /* Release */ = {
			isa = XCBuildConfiguration;
			buildSettings = {
				ALWAYS_EMBED_SWIFT_STANDARD_LIBRARIES = YES;
				BUNDLE_LOADER = "$(TEST_HOST)";
				CODE_SIGN_STYLE = Automatic;
				CURRENT_PROJECT_VERSION = 1;
				GENERATE_INFOPLIST_FILE = YES;
				IPHONEOS_DEPLOYMENT_TARGET = 17.2;
				MARKETING_VERSION = 1.0;
				PRODUCT_BUNDLE_IDENTIFIER = com.cintman.flippy1Tests;
				PRODUCT_NAME = "$(TARGET_NAME)";
				SWIFT_EMIT_LOC_STRINGS = NO;
				SWIFT_VERSION = 5.0;
				TARGETED_DEVICE_FAMILY = "1,2";
				TEST_HOST = "$(BUILT_PRODUCTS_DIR)/flippy1.app/$(BUNDLE_EXECUTABLE_FOLDER_PATH)/flippy1";
			};
			name = Release;
		};
		4BF529E12BEDC0B200E072DC /* Debug */ = {
			isa = XCBuildConfiguration;
			buildSettings = {
				ALWAYS_EMBED_SWIFT_STANDARD_LIBRARIES = YES;
				CODE_SIGN_STYLE = Automatic;
				CURRENT_PROJECT_VERSION = 1;
				GENERATE_INFOPLIST_FILE = YES;
				MARKETING_VERSION = 1.0;
				PRODUCT_BUNDLE_IDENTIFIER = com.cintman.flippy1UITests;
				PRODUCT_NAME = "$(TARGET_NAME)";
				SWIFT_EMIT_LOC_STRINGS = NO;
				SWIFT_VERSION = 5.0;
				TARGETED_DEVICE_FAMILY = "1,2";
				TEST_TARGET_NAME = flippy1;
			};
			name = Debug;
		};
		4BF529E22BEDC0B200E072DC /* Release */ = {
			isa = XCBuildConfiguration;
			buildSettings = {
				ALWAYS_EMBED_SWIFT_STANDARD_LIBRARIES = YES;
				CODE_SIGN_STYLE = Automatic;
				CURRENT_PROJECT_VERSION = 1;
				GENERATE_INFOPLIST_FILE = YES;
				MARKETING_VERSION = 1.0;
				PRODUCT_BUNDLE_IDENTIFIER = com.cintman.flippy1UITests;
				PRODUCT_NAME = "$(TARGET_NAME)";
				SWIFT_EMIT_LOC_STRINGS = NO;
				SWIFT_VERSION = 5.0;
				TARGETED_DEVICE_FAMILY = "1,2";
				TEST_TARGET_NAME = flippy1;
			};
			name = Release;
		};
/* End XCBuildConfiguration section */

/* Begin XCConfigurationList section */
		4BF529B12BEDC0B000E072DC /* Build configuration list for PBXProject "flippy1" */ = {
			isa = XCConfigurationList;
			buildConfigurations = (
				4BF529D82BEDC0B200E072DC /* Debug */,
				4BF529D92BEDC0B200E072DC /* Release */,
			);
			defaultConfigurationIsVisible = 0;
			defaultConfigurationName = Release;
		};
		4BF529DA2BEDC0B200E072DC /* Build configuration list for PBXNativeTarget "flippy1" */ = {
			isa = XCConfigurationList;
			buildConfigurations = (
				4BF529DB2BEDC0B200E072DC /* Debug */,
				4BF529DC2BEDC0B200E072DC /* Release */,
			);
			defaultConfigurationIsVisible = 0;
			defaultConfigurationName = Release;
		};
		4BF529DD2BEDC0B200E072DC /* Build configuration list for PBXNativeTarget "flippy1Tests" */ = {
			isa = XCConfigurationList;
			buildConfigurations = (
				4BF529DE2BEDC0B200E072DC /* Debug */,
				4BF529DF2BEDC0B200E072DC /* Release */,
			);
			defaultConfigurationIsVisible = 0;
			defaultConfigurationName = Release;
		};
		4BF529E02BEDC0B200E072DC /* Build configuration list for PBXNativeTarget "flippy1UITests" */ = {
			isa = XCConfigurationList;
			buildConfigurations = (
				4BF529E12BEDC0B200E072DC /* Debug */,
				4BF529E22BEDC0B200E072DC /* Release */,
			);
			defaultConfigurationIsVisible = 0;
			defaultConfigurationName = Release;
		};
/* End XCConfigurationList section */
	};
	rootObject = 4BF529AE2BEDC0B000E072DC /* Project object */;
}
